// !$*UTF8*$!
{
	archiveVersion = 1;
	classes = {
	};
	objectVersion = 50;
	objects = {

/* Begin PBXBuildFile section */
		4FFF3AD1227835380056ECCA /* AppDelegate.m in Sources */ = {isa = PBXBuildFile; fileRef = 4FFF3AD0227835380056ECCA /* AppDelegate.m */; };
		4FFF3AD4227835380056ECCA /* ViewController.m in Sources */ = {isa = PBXBuildFile; fileRef = 4FFF3AD3227835380056ECCA /* ViewController.m */; };
		4FFF3AD7227835380056ECCA /* Main.storyboard in Resources */ = {isa = PBXBuildFile; fileRef = 4FFF3AD5227835380056ECCA /* Main.storyboard */; };
		4FFF3AD9227835390056ECCA /* Assets.xcassets in Resources */ = {isa = PBXBuildFile; fileRef = 4FFF3AD8227835390056ECCA /* Assets.xcassets */; };
		4FFF3ADC227835390056ECCA /* LaunchScreen.storyboard in Resources */ = {isa = PBXBuildFile; fileRef = 4FFF3ADA227835390056ECCA /* LaunchScreen.storyboard */; };
		4FFF3ADF227835390056ECCA /* main.m in Sources */ = {isa = PBXBuildFile; fileRef = 4FFF3ADE227835390056ECCA /* main.m */; };
/* End PBXBuildFile section */

/* Begin PBXFileReference section */
		4FFF3ACC227835380056ECCA /* TestOneGit.app */ = {isa = PBXFileReference; explicitFileType = wrapper.application; includeInIndex = 0; path = TestOneGit.app; sourceTree = BUILT_PRODUCTS_DIR; };
		4FFF3ACF227835380056ECCA /* AppDelegate.h */ = {isa = PBXFileReference; lastKnownFileType = sourcecode.c.h; path = AppDelegate.h; sourceTree = "<group>"; };
		4FFF3AD0227835380056ECCA /* AppDelegate.m */ = {isa = PBXFileReference; lastKnownFileType = sourcecode.c.objc; path = AppDelegate.m; sourceTree = "<group>"; };
		4FFF3AD2227835380056ECCA /* ViewController.h */ = {isa = PBXFileReference; lastKnownFileType = sourcecode.c.h; path = ViewController.h; sourceTree = "<group>"; };
		4FFF3AD3227835380056ECCA /* ViewController.m */ = {isa = PBXFileReference; lastKnownFileType = sourcecode.c.objc; path = ViewController.m; sourceTree = "<group>"; };
		4FFF3AD6227835380056ECCA /* Base */ = {isa = PBXFileReference; lastKnownFileType = file.storyboard; name = Base; path = Base.lproj/Main.storyboard; sourceTree = "<group>"; };
		4FFF3AD8227835390056ECCA /* Assets.xcassets */ = {isa = PBXFileReference; lastKnownFileType = folder.assetcatalog; path = Assets.xcassets; sourceTree = "<group>"; };
		4FFF3ADB227835390056ECCA /* Base */ = {isa = PBXFileReference; lastKnownFileType = file.storyboard; name = Base; path = Base.lproj/LaunchScreen.storyboard; sourceTree = "<group>"; };
		4FFF3ADD227835390056ECCA /* Info.plist */ = {isa = PBXFileReference; lastKnownFileType = text.plist.xml; path = Info.plist; sourceTree = "<group>"; };
		4FFF3ADE227835390056ECCA /* main.m */ = {isa = PBXFileReference; lastKnownFileType = sourcecode.c.objc; path = main.m; sourceTree = "<group>"; };
/* End PBXFileReference section */

/* Begin PBXFrameworksBuildPhase section */
		4FFF3AC9227835380056ECCA /* Frameworks */ = {
			isa = PBXFrameworksBuildPhase;
			buildActionMask = 2147483647;
			files = (
			);
			runOnlyForDeploymentPostprocessing = 0;
		};
/* End PBXFrameworksBuildPhase section */

/* Begin PBXGroup section */
		4FFF3AC3227835380056ECCA = {
			isa = PBXGroup;
			children = (
				4FFF3ACE227835380056ECCA /* TestOneGit */,
				4FFF3ACD227835380056ECCA /* Products */,
			);
			sourceTree = "<group>";
		};
		4FFF3ACD227835380056ECCA /* Products */ = {
			isa = PBXGroup;
			children = (
				4FFF3ACC227835380056ECCA /* TestOneGit.app */,
			);
			name = Products;
			sourceTree = "<group>";
		};
		4FFF3ACE227835380056ECCA /* TestOneGit */ = {
			isa = PBXGroup;
			children = (
				4FFF3ACF227835380056ECCA /* AppDelegate.h */,
				4FFF3AD0227835380056ECCA /* AppDelegate.m */,
				4FFF3AD2227835380056ECCA /* ViewController.h */,
				4FFF3AD3227835380056ECCA /* ViewController.m */,
				4FFF3AD5227835380056ECCA /* Main.storyboard */,
				4FFF3AD8227835390056ECCA /* Assets.xcassets */,
				4FFF3ADA227835390056ECCA /* LaunchScreen.storyboard */,
				4FFF3ADD227835390056ECCA /* Info.plist */,
				4FFF3ADE227835390056ECCA /* main.m */,
			);
			path = TestOneGit;
			sourceTree = "<group>";
		};
/* End PBXGroup section */

/* Begin PBXNativeTarget section */
		4FFF3ACB227835380056ECCA /* TestOneGit */ = {
			isa = PBXNativeTarget;
			buildConfigurationList = 4FFF3AE2227835390056ECCA /* Build configuration list for PBXNativeTarget "TestOneGit" */;
			buildPhases = (
				4FFF3AC8227835380056ECCA /* Sources */,
				4FFF3AC9227835380056ECCA /* Frameworks */,
				4FFF3ACA227835380056ECCA /* Resources */,
			);
			buildRules = (
			);
			dependencies = (
			);
			name = TestOneGit;
			productName = TestOneGit;
			productReference = 4FFF3ACC227835380056ECCA /* TestOneGit.app */;
			productType = "com.apple.product-type.application";
		};
/* End PBXNativeTarget section */

/* Begin PBXProject section */
		4FFF3AC4227835380056ECCA /* Project object */ = {
			isa = PBXProject;
			attributes = {
				LastUpgradeCheck = 1020;
				ORGANIZATIONNAME = "深圳前海全民健康科技股份有限公司";
				TargetAttributes = {
					4FFF3ACB227835380056ECCA = {
						CreatedOnToolsVersion = 10.2.1;
					};
				};
			};
			buildConfigurationList = 4FFF3AC7227835380056ECCA /* Build configuration list for PBXProject "TestOneGit" */;
			compatibilityVersion = "Xcode 9.3";
			developmentRegion = en;
			hasScannedForEncodings = 0;
			knownRegions = (
				en,
				Base,
			);
			mainGroup = 4FFF3AC3227835380056ECCA;
			productRefGroup = 4FFF3ACD227835380056ECCA /* Products */;
			projectDirPath = "";
			projectRoot = "";
			targets = (
				4FFF3ACB227835380056ECCA /* TestOneGit */,
			);
		};
/* End PBXProject section */

/* Begin PBXResourcesBuildPhase section */
		4FFF3ACA227835380056ECCA /* Resources */ = {
			isa = PBXResourcesBuildPhase;
			buildActionMask = 2147483647;
			files = (
				4FFF3ADC227835390056ECCA /* LaunchScreen.storyboard in Resources */,
				4FFF3AD9227835390056ECCA /* Assets.xcassets in Resources */,
				4FFF3AD7227835380056ECCA /* Main.storyboard in Resources */,
			);
			runOnlyForDeploymentPostprocessing = 0;
		};
/* End PBXResourcesBuildPhase section */

/* Begin PBXSourcesBuildPhase section */
		4FFF3AC8227835380056ECCA /* Sources */ = {
			isa = PBXSourcesBuildPhase;
			buildActionMask = 2147483647;
			files = (
				4FFF3AD4227835380056ECCA /* ViewController.m in Sources */,
				4FFF3ADF227835390056ECCA /* main.m in Sources */,
				4FFF3AD1227835380056ECCA /* AppDelegate.m in Sources */,
			);
			runOnlyForDeploymentPostprocessing = 0;
		};
/* End PBXSourcesBuildPhase section */

/* Begin PBXVariantGroup section */
		4FFF3AD5227835380056ECCA /* Main.storyboard */ = {
			isa = PBXVariantGroup;
			children = (
				4FFF3AD6227835380056ECCA /* Base */,
			);
			name = Main.storyboard;
			sourceTree = "<group>";
		};
		4FFF3ADA227835390056ECCA /* LaunchScreen.storyboard */ = {
			isa = PBXVariantGroup;
			children = (
				4FFF3ADB227835390056ECCA /* Base */,
			);
			name = LaunchScreen.storyboard;
			sourceTree = "<group>";
		};
/* End PBXVariantGroup section */

/* Begin XCBuildConfiguration section */
		4FFF3AE0227835390056ECCA /* Debug */ = {
			isa = XCBuildConfiguration;
			buildSettings = {
				ALWAYS_SEARCH_USER_PATHS = NO;
				CLANG_ANALYZER_NONNULL = YES;
				CLANG_ANALYZER_NUMBER_OBJECT_CONVERSION = YES_AGGRESSIVE;
				CLANG_CXX_LANGUAGE_STANDARD = "gnu++14";
				CLANG_CXX_LIBRARY = "libc++";
				CLANG_ENABLE_MODULES = YES;
				CLANG_ENABLE_OBJC_ARC = YES;
				CLANG_ENABLE_OBJC_WEAK = YES;
				CLANG_WARN_BLOCK_CAPTURE_AUTORELEASING = YES;
				CLANG_WARN_BOOL_CONVERSION = YES;
				CLANG_WARN_COMMA = YES;
				CLANG_WARN_CONSTANT_CONVERSION = YES;
				CLANG_WARN_DEPRECATED_OBJC_IMPLEMENTATIONS = YES;
				CLANG_WARN_DIRECT_OBJC_ISA_USAGE = YES_ERROR;
				CLANG_WARN_DOCUMENTATION_COMMENTS = YES;
				CLANG_WARN_EMPTY_BODY = YES;
				CLANG_WARN_ENUM_CONVERSION = YES;
				CLANG_WARN_INFINITE_RECURSION = YES;
				CLANG_WARN_INT_CONVERSION = YES;
				CLANG_WARN_NON_LITERAL_NULL_CONVERSION = YES;
				CLANG_WARN_OBJC_IMPLICIT_RETAIN_SELF = YES;
				CLANG_WARN_OBJC_LITERAL_CONVERSION = YES;
				CLANG_WARN_OBJC_ROOT_CLASS = YES_ERROR;
				CLANG_WARN_RANGE_LOOP_ANALYSIS = YES;
				CLANG_WARN_STRICT_PROTOTYPES = YES;
				CLANG_WARN_SUSPICIOUS_MOVE = YES;
				CLANG_WARN_UNGUARDED_AVAILABILITY = YES_AGGRESSIVE;
				CLANG_WARN_UNREACHABLE_CODE = YES;
				CLANG_WARN__DUPLICATE_METHOD_MATCH = YES;
				CODE_SIGN_IDENTITY = "iPhone Developer";
				COPY_PHASE_STRIP = NO;
				DEBUG_INFORMATION_FORMAT = dwarf;
				ENABLE_STRICT_OBJC_MSGSEND = YES;
				ENABLE_TESTABILITY = YES;
				GCC_C_LANGUAGE_STANDARD = gnu11;
				GCC_DYNAMIC_NO_PIC = NO;
				GCC_NO_COMMON_BLOCKS = YES;
				GCC_OPTIMIZATION_LEVEL = 0;
				GCC_PREPROCESSOR_DEFINITIONS = (
					"DEBUG=1",
					"$(inherited)",
				);
				GCC_WARN_64_TO_32_BIT_CONVERSION = YES;
				GCC_WARN_ABOUT_RETURN_TYPE = YES_ERROR;
				GCC_WARN_UNDECLARED_SELECTOR = YES;
				GCC_WARN_UNINITIALIZED_AUTOS = YES_AGGRESSIVE;
				GCC_WARN_UNUSED_FUNCTION = YES;
				GCC_WARN_UNUSED_VARIABLE = YES;
				IPHONEOS_DEPLOYMENT_TARGET = 12.2;
				MTL_ENABLE_DEBUG_INFO = INCLUDE_SOURCE;
				MTL_FAST_MATH = YES;
				ONLY_ACTIVE_ARCH = YES;
				SDKROOT = iphoneos;
			};
			name = Debug;
		};
		4FFF3AE1227835390056ECCA /* Release */ = {
			isa = XCBuildConfiguration;
			buildSettings = {
				ALWAYS_SEARCH_USER_PATHS = NO;
				CLANG_ANALYZER_NONNULL = YES;
				CLANG_ANALYZER_NUMBER_OBJECT_CONVERSION = YES_AGGRESSIVE;
				CLANG_CXX_LANGUAGE_STANDARD = "gnu++14";
				CLANG_CXX_LIBRARY = "libc++";
				CLANG_ENABLE_MODULES = YES;
				CLANG_ENABLE_OBJC_ARC = YES;
				CLANG_ENABLE_OBJC_WEAK = YES;
				CLANG_WARN_BLOCK_CAPTURE_AUTORELEASING = YES;
				CLANG_WARN_BOOL_CONVERSION = YES;
				CLANG_WARN_COMMA = YES;
				CLANG_WARN_CONSTANT_CONVERSION = YES;
				CLANG_WARN_DEPRECATED_OBJC_IMPLEMENTATIONS = YES;
				CLANG_WARN_DIRECT_OBJC_ISA_USAGE = YES_ERROR;
				CLANG_WARN_DOCUMENTATION_COMMENTS = YES;
				CLANG_WARN_EMPTY_BODY = YES;
				CLANG_WARN_ENUM_CONVERSION = YES;
				CLANG_WARN_INFINITE_RECURSION = YES;
				CLANG_WARN_INT_CONVERSION = YES;
				CLANG_WARN_NON_LITERAL_NULL_CONVERSION = YES;
				CLANG_WARN_OBJC_IMPLICIT_RETAIN_SELF = YES;
				CLANG_WARN_OBJC_LITERAL_CONVERSION = YES;
				CLANG_WARN_OBJC_ROOT_CLASS = YES_ERROR;
				CLANG_WARN_RANGE_LOOP_ANALYSIS = YES;
				CLANG_WARN_STRICT_PROTOTYPES = YES;
				CLANG_WARN_SUSPICIOUS_MOVE = YES;
				CLANG_WARN_UNGUARDED_AVAILABILITY = YES_AGGRESSIVE;
				CLANG_WARN_UNREACHABLE_CODE = YES;
				CLANG_WARN__DUPLICATE_METHOD_MATCH = YES;
				CODE_SIGN_IDENTITY = "iPhone Developer";
				COPY_PHASE_STRIP = NO;
				DEBUG_INFORMATION_FORMAT = "dwarf-with-dsym";
				ENABLE_NS_ASSERTIONS = NO;
				ENABLE_STRICT_OBJC_MSGSEND = YES;
				GCC_C_LANGUAGE_STANDARD = gnu11;
				GCC_NO_COMMON_BLOCKS = YES;
				GCC_WARN_64_TO_32_BIT_CONVERSION = YES;
				GCC_WARN_ABOUT_RETURN_TYPE = YES_ERROR;
				GCC_WARN_UNDECLARED_SELECTOR = YES;
				GCC_WARN_UNINITIALIZED_AUTOS = YES_AGGRESSIVE;
				GCC_WARN_UNUSED_FUNCTION = YES;
				GCC_WARN_UNUSED_VARIABLE = YES;
				IPHONEOS_DEPLOYMENT_TARGET = 12.2;
				MTL_ENABLE_DEBUG_INFO = NO;
				MTL_FAST_MATH = YES;
				SDKROOT = iphoneos;
				VALIDATE_PRODUCT = YES;
			};
			name = Release;
		};
		4FFF3AE3227835390056ECCA /* Debug */ = {
			isa = XCBuildConfiguration;
			buildSettings = {
				ASSETCATALOG_COMPILER_APPICON_NAME = AppIcon;
				CODE_SIGN_STYLE = Automatic;
				DEVELOPMENT_TEAM = 3E4YNVWNYC;
				INFOPLIST_FILE = TestOneGit/Info.plist;
				IPHONEOS_DEPLOYMENT_TARGET = 9.1;
				LD_RUNPATH_SEARCH_PATHS = (
					"$(inherited)",
					"@executable_path/Frameworks",
				);
				PRODUCT_BUNDLE_IDENTIFIER = com.healthme.TestOneGit;
				PRODUCT_NAME = "$(TARGET_NAME)";
				TARGETED_DEVICE_FAMILY = "1,2";
			};
			name = Debug;
		};
		4FFF3AE4227835390056ECCA /* Release */ = {
			isa = XCBuildConfiguration;
			buildSettings = {
				ASSETCATALOG_COMPILER_APPICON_NAME = AppIcon;
				CODE_SIGN_STYLE = Automatic;
				DEVELOPMENT_TEAM = 3E4YNVWNYC;
				INFOPLIST_FILE = TestOneGit/Info.plist;
				IPHONEOS_DEPLOYMENT_TARGET = 9.1;
				LD_RUNPATH_SEARCH_PATHS = (
					"$(inherited)",
					"@executable_path/Frameworks",
				);
				PRODUCT_BUNDLE_IDENTIFIER = com.healthme.TestOneGit;
				PRODUCT_NAME = "$(TARGET_NAME)";
				TARGETED_DEVICE_FAMILY = "1,2";
			};
			name = Release;
		};
/* End XCBuildConfiguration section */

/* Begin XCConfigurationList section */
		4FFF3AC7227835380056ECCA /* Build configuration list for PBXProject "TestOneGit" */ = {
			isa = XCConfigurationList;
			buildConfigurations = (
				4FFF3AE0227835390056ECCA /* Debug */,
				4FFF3AE1227835390056ECCA /* Release */,
			);
			defaultConfigurationIsVisible = 0;
			defaultConfigurationName = Release;
		};
		4FFF3AE2227835390056ECCA /* Build configuration list for PBXNativeTarget "TestOneGit" */ = {
			isa = XCConfigurationList;
			buildConfigurations = (
				4FFF3AE3227835390056ECCA /* Debug */,
				4FFF3AE4227835390056ECCA /* Release */,
			);
			defaultConfigurationIsVisible = 0;
			defaultConfigurationName = Release;
		};
/* End XCConfigurationList section */
	};
	rootObject = 4FFF3AC4227835380056ECCA /* Project object */;
}
